
Microsoft Visual Studio Solution File, Format Version 12.00
# Visual Studio 15
VisualStudioVersion = 15.0.27428.2037
MinimumVisualStudioVersion = 10.0.40219.1
Project("{FAE04EC0-301F-11D3-BF4B-00C04F79EFBC}") = "QuickSorter.Test", "QuickSorter.Test\QuickSorter.Test.csproj", "{404194A6-E94A-46B5-965A-2C5AA69ABB06}"
EndProject
Project("{FAE04EC0-301F-11D3-BF4B-00C04F79EFBC}") = "QuickSorter", "QuickSorter\QuickSorter.csproj", "{D4B99A44-7293-4E2B-9477-FE2735974289}"
EndProject
Global
	GlobalSection(SolutionConfigurationPlatforms) = preSolution
		Debug|Any CPU = Debug|Any CPU
		Release|Any CPU = Release|Any CPU
	EndGlobalSection
	GlobalSection(ProjectConfigurationPlatforms) = postSolution
		{404194A6-E94A-46B5-965A-2C5AA69ABB06}.Debug|Any CPU.ActiveCfg = Debug|Any CPU
		{404194A6-E94A-46B5-965A-2C5AA69ABB06}.Debug|Any CPU.Build.0 = Debug|Any CPU
		{404194A6-E94A-46B5-965A-2C5AA69ABB06}.Release|Any CPU.ActiveCfg = Release|Any CPU
		{404194A6-E94A-46B5-965A-2C5AA69ABB06}.Release|Any CPU.Build.0 = Release|Any CPU
		{D4B99A44-7293-4E2B-9477-FE2735974289}.Debug|Any CPU.ActiveCfg = Debug|Any CPU
		{D4B99A44-7293-4E2B-9477-FE2735974289}.Debug|Any CPU.Build.0 = Debug|Any CPU
		{D4B99A44-7293-4E2B-9477-FE2735974289}.Release|Any CPU.ActiveCfg = Release|Any CPU
		{D4B99A44-7293-4E2B-9477-FE2735974289}.Release|Any CPU.Build.0 = Release|Any CPU
	EndGlobalSection
	GlobalSection(SolutionProperties) = preSolution
		HideSolutionNode = FALSE
	EndGlobalSection
	GlobalSection(ExtensibilityGlobals) = postSolution
		SolutionGuid = {D524AAAA-F8FF-4FDB-86E3-285114455D92}
	EndGlobalSection
EndGlobal
